// !$*UTF8*$!
{
	archiveVersion = 1;
	classes = {
	};
	objectVersion = 77;
	objects = {

/* Begin PBXContainerItemProxy section */
		C11E880F2D117C0900BCE968 /* PBXContainerItemProxy */ = {
			isa = PBXContainerItemProxy;
			containerPortal = C11E87F02D117C0500BCE968 /* Project object */;
			proxyType = 1;
			remoteGlobalIDString = C11E87F72D117C0500BCE968;
			remoteInfo = StackAndImageView;
		};
		C11E88192D117C0900BCE968 /* PBXContainerItemProxy */ = {
			isa = PBXContainerItemProxy;
			containerPortal = C11E87F02D117C0500BCE968 /* Project object */;
			proxyType = 1;
			remoteGlobalIDString = C11E87F72D117C0500BCE968;
			remoteInfo = StackAndImageView;
		};
/* End PBXContainerItemProxy section */

/* Begin PBXFileReference section */
		C11E87F82D117C0500BCE968 /* StackAndImageView.app */ = {isa = PBXFileReference; explicitFileType = wrapper.application; includeInIndex = 0; path = StackAndImageView.app; sourceTree = BUILT_PRODUCTS_DIR; };
		C11E880E2D117C0900BCE968 /* StackAndImageViewTests.xctest */ = {isa = PBXFileReference; explicitFileType = wrapper.cfbundle; includeInIndex = 0; path = StackAndImageViewTests.xctest; sourceTree = BUILT_PRODUCTS_DIR; };
		C11E88182D117C0900BCE968 /* StackAndImageViewUITests.xctest */ = {isa = PBXFileReference; explicitFileType = wrapper.cfbundle; includeInIndex = 0; path = StackAndImageViewUITests.xctest; sourceTree = BUILT_PRODUCTS_DIR; };
/* End PBXFileReference section */

/* Begin PBXFileSystemSynchronizedBuildFileExceptionSet section */
		C11E88202D117C0900BCE968 /* Exceptions for "StackAndImageView" folder in "StackAndImageView" target */ = {
			isa = PBXFileSystemSynchronizedBuildFileExceptionSet;
			membershipExceptions = (
				Info.plist,
			);
			target = C11E87F72D117C0500BCE968 /* StackAndImageView */;
		};
/* End PBXFileSystemSynchronizedBuildFileExceptionSet section */

/* Begin PBXFileSystemSynchronizedRootGroup section */
		C11E87FA2D117C0500BCE968 /* StackAndImageView */ = {
			isa = PBXFileSystemSynchronizedRootGroup;
			exceptions = (
				C11E88202D117C0900BCE968 /* Exceptions for "StackAndImageView" folder in "StackAndImageView" target */,
			);
			path = StackAndImageView;
			sourceTree = "<group>";
		};
		C11E88112D117C0900BCE968 /* StackAndImageViewTests */ = {
			isa = PBXFileSystemSynchronizedRootGroup;
			path = StackAndImageViewTests;
			sourceTree = "<group>";
		};
		C11E881B2D117C0900BCE968 /* StackAndImageViewUITests */ = {
			isa = PBXFileSystemSynchronizedRootGroup;
			path = StackAndImageViewUITests;
			sourceTree = "<group>";
		};
/* End PBXFileSystemSynchronizedRootGroup section */

/* Begin PBXFrameworksBuildPhase section */
		C11E87F52D117C0500BCE968 /* Frameworks */ = {
			isa = PBXFrameworksBuildPhase;
			buildActionMask = 2147483647;
			files = (
			);
			runOnlyForDeploymentPostprocessing = 0;
		};
		C11E880B2D117C0900BCE968 /* Frameworks */ = {
			isa = PBXFrameworksBuildPhase;
			buildActionMask = 2147483647;
			files = (
			);
			runOnlyForDeploymentPostprocessing = 0;
		};
		C11E88152D117C0900BCE968 /* Frameworks */ = {
			isa = PBXFrameworksBuildPhase;
			buildActionMask = 2147483647;
			files = (
			);
			runOnlyForDeploymentPostprocessing = 0;
		};
/* End PBXFrameworksBuildPhase section */

/* Begin PBXGroup section */
		C11E87EF2D117C0500BCE968 = {
			isa = PBXGroup;
			children = (
				C11E87FA2D117C0500BCE968 /* StackAndImageView */,
				C11E88112D117C0900BCE968 /* StackAndImageViewTests */,
				C11E881B2D117C0900BCE968 /* StackAndImageViewUITests */,
				C11E87F92D117C0500BCE968 /* Products */,
			);
			sourceTree = "<group>";
		};
		C11E87F92D117C0500BCE968 /* Products */ = {
			isa = PBXGroup;
			children = (
				C11E87F82D117C0500BCE968 /* StackAndImageView.app */,
				C11E880E2D117C0900BCE968 /* StackAndImageViewTests.xctest */,
				C11E88182D117C0900BCE968 /* StackAndImageViewUITests.xctest */,
			);
			name = Products;
			sourceTree = "<group>";
		};
/* End PBXGroup section */

/* Begin PBXNativeTarget section */
		C11E87F72D117C0500BCE968 /* StackAndImageView */ = {
			isa = PBXNativeTarget;
			buildConfigurationList = C11E88212D117C0900BCE968 /* Build configuration list for PBXNativeTarget "StackAndImageView" */;
			buildPhases = (
				C11E87F42D117C0500BCE968 /* Sources */,
				C11E87F52D117C0500BCE968 /* Frameworks */,
				C11E87F62D117C0500BCE968 /* Resources */,
			);
			buildRules = (
			);
			dependencies = (
			);
			fileSystemSynchronizedGroups = (
				C11E87FA2D117C0500BCE968 /* StackAndImageView */,
			);
			name = StackAndImageView;
			packageProductDependencies = (
			);
			productName = StackAndImageView;
			productReference = C11E87F82D117C0500BCE968 /* StackAndImageView.app */;
			productType = "com.apple.product-type.application";
		};
		C11E880D2D117C0900BCE968 /* StackAndImageViewTests */ = {
			isa = PBXNativeTarget;
			buildConfigurationList = C11E88262D117C0900BCE968 /* Build configuration list for PBXNativeTarget "StackAndImageViewTests" */;
			buildPhases = (
				C11E880A2D117C0900BCE968 /* Sources */,
				C11E880B2D117C0900BCE968 /* Frameworks */,
				C11E880C2D117C0900BCE968 /* Resources */,
			);
			buildRules = (
			);
			dependencies = (
				C11E88102D117C0900BCE968 /* PBXTargetDependency */,
			);
			fileSystemSynchronizedGroups = (
				C11E88112D117C0900BCE968 /* StackAndImageViewTests */,
			);
			name = StackAndImageViewTests;
			packageProductDependencies = (
			);
			productName = StackAndImageViewTests;
			productReference = C11E880E2D117C0900BCE968 /* StackAndImageViewTests.xctest */;
			productType = "com.apple.product-type.bundle.unit-test";
		};
		C11E88172D117C0900BCE968 /* StackAndImageViewUITests */ = {
			isa = PBXNativeTarget;
			buildConfigurationList = C11E88292D117C0900BCE968 /* Build configuration list for PBXNativeTarget "StackAndImageViewUITests" */;
			buildPhases = (
				C11E88142D117C0900BCE968 /* Sources */,
				C11E88152D117C0900BCE968 /* Frameworks */,
				C11E88162D117C0900BCE968 /* Resources */,
			);
			buildRules = (
			);
			dependencies = (
				C11E881A2D117C0900BCE968 /* PBXTargetDependency */,
			);
			fileSystemSynchronizedGroups = (
				C11E881B2D117C0900BCE968 /* StackAndImageViewUITests */,
			);
			name = StackAndImageViewUITests;
			packageProductDependencies = (
			);
			productName = StackAndImageViewUITests;
			productReference = C11E88182D117C0900BCE968 /* StackAndImageViewUITests.xctest */;
			productType = "com.apple.product-type.bundle.ui-testing";
		};
/* End PBXNativeTarget section */

/* Begin PBXProject section */
		C11E87F02D117C0500BCE968 /* Project object */ = {
			isa = PBXProject;
			attributes = {
				BuildIndependentTargetsInParallel = 1;
				LastSwiftUpdateCheck = 1620;
				LastUpgradeCheck = 1620;
				TargetAttributes = {
					C11E87F72D117C0500BCE968 = {
						CreatedOnToolsVersion = 16.2;
					};
					C11E880D2D117C0900BCE968 = {
						CreatedOnToolsVersion = 16.2;
						TestTargetID = C11E87F72D117C0500BCE968;
					};
					C11E88172D117C0900BCE968 = {
						CreatedOnToolsVersion = 16.2;
						TestTargetID = C11E87F72D117C0500BCE968;
					};
				};
			};
			buildConfigurationList = C11E87F32D117C0500BCE968 /* Build configuration list for PBXProject "StackAndImageView" */;
			developmentRegion = en;
			hasScannedForEncodings = 0;
			knownRegions = (
				en,
				Base,
			);
			mainGroup = C11E87EF2D117C0500BCE968;
			minimizedProjectReferenceProxies = 1;
			preferredProjectObjectVersion = 77;
			productRefGroup = C11E87F92D117C0500BCE968 /* Products */;
			projectDirPath = "";
			projectRoot = "";
			targets = (
				C11E87F72D117C0500BCE968 /* StackAndImageView */,
				C11E880D2D117C0900BCE968 /* StackAndImageViewTests */,
				C11E88172D117C0900BCE968 /* StackAndImageViewUITests */,
			);
		};
/* End PBXProject section */

/* Begin PBXResourcesBuildPhase section */
		C11E87F62D117C0500BCE968 /* Resources */ = {
			isa = PBXResourcesBuildPhase;
			buildActionMask = 2147483647;
			files = (
			);
			runOnlyForDeploymentPostprocessing = 0;
		};
		C11E880C2D117C0900BCE968 /* Resources */ = {
			isa = PBXResourcesBuildPhase;
			buildActionMask = 2147483647;
			files = (
			);
			runOnlyForDeploymentPostprocessing = 0;
		};
		C11E88162D117C0900BCE968 /* Resources */ = {
			isa = PBXResourcesBuildPhase;
			buildActionMask = 2147483647;
			files = (
			);
			runOnlyForDeploymentPostprocessing = 0;
		};
/* End PBXResourcesBuildPhase section */

/* Begin PBXSourcesBuildPhase section */
		C11E87F42D117C0500BCE968 /* Sources */ = {
			isa = PBXSourcesBuildPhase;
			buildActionMask = 2147483647;
			files = (
			);
			runOnlyForDeploymentPostprocessing = 0;
		};
		C11E880A2D117C0900BCE968 /* Sources */ = {
			isa = PBXSourcesBuildPhase;
			buildActionMask = 2147483647;
			files = (
			);
			runOnlyForDeploymentPostprocessing = 0;
		};
		C11E88142D117C0900BCE968 /* Sources */ = {
			isa = PBXSourcesBuildPhase;
			buildActionMask = 2147483647;
			files = (
			);
			runOnlyForDeploymentPostprocessing = 0;
		};
/* End PBXSourcesBuildPhase section */

/* Begin PBXTargetDependency section */
		C11E88102D117C0900BCE968 /* PBXTargetDependency */ = {
			isa = PBXTargetDependency;
			target = C11E87F72D117C0500BCE968 /* StackAndImageView */;
			targetProxy = C11E880F2D117C0900BCE968 /* PBXContainerItemProxy */;
		};
		C11E881A2D117C0900BCE968 /* PBXTargetDependency */ = {
			isa = PBXTargetDependency;
			target = C11E87F72D117C0500BCE968 /* StackAndImageView */;
			targetProxy = C11E88192D117C0900BCE968 /* PBXContainerItemProxy */;
		};
/* End PBXTargetDependency section */

/* Begin XCBuildConfiguration section */
		C11E88222D117C0900BCE968 /* Debug */ = {
			isa = XCBuildConfiguration;
			buildSettings = {
				ASSETCATALOG_COMPILER_APPICON_NAME = AppIcon;
				ASSETCATALOG_COMPILER_GLOBAL_ACCENT_COLOR_NAME = AccentColor;
				CODE_SIGN_STYLE = Automatic;
				CURRENT_PROJECT_VERSION = 1;
				GENERATE_INFOPLIST_FILE = YES;
				INFOPLIST_FILE = StackAndImageView/Info.plist;
				INFOPLIST_KEY_UIApplicationSupportsIndirectInputEvents = YES;
				INFOPLIST_KEY_UILaunchStoryboardName = LaunchScreen;
				INFOPLIST_KEY_UIMainStoryboardFile = Main;
				INFOPLIST_KEY_UISupportedInterfaceOrientations_iPad = "UIInterfaceOrientationPortrait UIInterfaceOrientationPortraitUpsideDown UIInterfaceOrientationLandscapeLeft UIInterfaceOrientationLandscapeRight";
				INFOPLIST_KEY_UISupportedInterfaceOrientations_iPhone = "UIInterfaceOrientationPortrait UIInterfaceOrientationLandscapeLeft UIInterfaceOrientationLandscapeRight";
				LD_RUNPATH_SEARCH_PATHS = (
					"$(inherited)",
					"@executable_path/Frameworks",
				);
				MARKETING_VERSION = 1.0;
				PRODUCT_BUNDLE_IDENTIFIER = com.KaderKaya.StackAndImageView;
				PRODUCT_NAME = "$(TARGET_NAME)";
				SWIFT_EMIT_LOC_STRINGS = YES;
				SWIFT_VERSION = 5.0;
				TARGETED_DEVICE_FAMILY = "1,2";
			};
			name = Debug;
		};
		C11E88232D117C0900BCE968 /* Release */ = {
			isa = XCBuildConfiguration;
			buildSettings = {
				ASSETCATALOG_COMPILER_APPICON_NAME = AppIcon;
				ASSETCATALOG_COMPILER_GLOBAL_ACCENT_COLOR_NAME = AccentColor;
				CODE_SIGN_STYLE = Automatic;
				CURRENT_PROJECT_VERSION = 1;
				GENERATE_INFOPLIST_FILE = YES;
				INFOPLIST_FILE = StackAndImageView/Info.plist;
				INFOPLIST_KEY_UIApplicationSupportsIndirectInputEvents = YES;
				INFOPLIST_KEY_UILaunchStoryboardName = LaunchScreen;
				INFOPLIST_KEY_UIMainStoryboardFile = Main;
				INFOPLIST_KEY_UISupportedInterfaceOrientations_iPad = "UIInterfaceOrientationPortrait UIInterfaceOrientationPortraitUpsideDown UIInterfaceOrientationLandscapeLeft UIInterfaceOrientationLandscapeRight";
				INFOPLIST_KEY_UISupportedInterfaceOrientations_iPhone = "UIInterfaceOrientationPortrait UIInterfaceOrientationLandscapeLeft UIInterfaceOrientationLandscapeRight";
				LD_RUNPATH_SEARCH_PATHS = (
					"$(inherited)",
					"@executable_path/Frameworks",
				);
				MARKETING_VERSION = 1.0;
				PRODUCT_BUNDLE_IDENTIFIER = com.KaderKaya.StackAndImageView;
				PRODUCT_NAME = "$(TARGET_NAME)";
				SWIFT_EMIT_LOC_STRINGS = YES;
				SWIFT_VERSION = 5.0;
				TARGETED_DEVICE_FAMILY = "1,2";
			};
			name = Release;
		};
		C11E88242D117C0900BCE968 /* Debug */ = {
			isa = XCBuildConfiguration;
			buildSettings = {
				ALWAYS_SEARCH_USER_PATHS = NO;
				ASSETCATALOG_COMPILER_GENERATE_SWIFT_ASSET_SYMBOL_EXTENSIONS = YES;
				CLANG_ANALYZER_NONNULL = YES;
				CLANG_ANALYZER_NUMBER_OBJECT_CONVERSION = YES_AGGRESSIVE;
				CLANG_CXX_LANGUAGE_STANDARD = "gnu++20";
				CLANG_ENABLE_MODULES = YES;
				CLANG_ENABLE_OBJC_ARC = YES;
				CLANG_ENABLE_OBJC_WEAK = YES;
				CLANG_WARN_BLOCK_CAPTURE_AUTORELEASING = YES;
				CLANG_WARN_BOOL_CONVERSION = YES;
				CLANG_WARN_COMMA = YES;
				CLANG_WARN_CONSTANT_CONVERSION = YES;
				CLANG_WARN_DEPRECATED_OBJC_IMPLEMENTATIONS = YES;
				CLANG_WARN_DIRECT_OBJC_ISA_USAGE = YES_ERROR;
				CLANG_WARN_DOCUMENTATION_COMMENTS = YES;
				CLANG_WARN_EMPTY_BODY = YES;
				CLANG_WARN_ENUM_CONVERSION = YES;
				CLANG_WARN_INFINITE_RECURSION = YES;
				CLANG_WARN_INT_CONVERSION = YES;
				CLANG_WARN_NON_LITERAL_NULL_CONVERSION = YES;
				CLANG_WARN_OBJC_IMPLICIT_RETAIN_SELF = YES;
				CLANG_WARN_OBJC_LITERAL_CONVERSION = YES;
				CLANG_WARN_OBJC_ROOT_CLASS = YES_ERROR;
				CLANG_WARN_QUOTED_INCLUDE_IN_FRAMEWORK_HEADER = YES;
				CLANG_WARN_RANGE_LOOP_ANALYSIS = YES;
				CLANG_WARN_STRICT_PROTOTYPES = YES;
				CLANG_WARN_SUSPICIOUS_MOVE = YES;
				CLANG_WARN_UNGUARDED_AVAILABILITY = YES_AGGRESSIVE;
				CLANG_WARN_UNREACHABLE_CODE = YES;
				CLANG_WARN__DUPLICATE_METHOD_MATCH = YES;
				COPY_PHASE_STRIP = NO;
				DEBUG_INFORMATION_FORMAT = dwarf;
				ENABLE_STRICT_OBJC_MSGSEND = YES;
				ENABLE_TESTABILITY = YES;
				ENABLE_USER_SCRIPT_SANDBOXING = YES;
				GCC_C_LANGUAGE_STANDARD = gnu17;
				GCC_DYNAMIC_NO_PIC = NO;
				GCC_NO_COMMON_BLOCKS = YES;
				GCC_OPTIMIZATION_LEVEL = 0;
				GCC_PREPROCESSOR_DEFINITIONS = (
					"DEBUG=1",
					"$(inherited)",
				);
				GCC_WARN_64_TO_32_BIT_CONVERSION = YES;
				GCC_WARN_ABOUT_RETURN_TYPE = YES_ERROR;
				GCC_WARN_UNDECLARED_SELECTOR = YES;
				GCC_WARN_UNINITIALIZED_AUTOS = YES_AGGRESSIVE;
				GCC_WARN_UNUSED_FUNCTION = YES;
				GCC_WARN_UNUSED_VARIABLE = YES;
				IPHONEOS_DEPLOYMENT_TARGET = 18.2;
				LOCALIZATION_PREFERS_STRING_CATALOGS = YES;
				MTL_ENABLE_DEBUG_INFO = INCLUDE_SOURCE;
				MTL_FAST_MATH = YES;
				ONLY_ACTIVE_ARCH = YES;
				SDKROOT = iphoneos;
				SWIFT_ACTIVE_COMPILATION_CONDITIONS = "DEBUG $(inherited)";
				SWIFT_OPTIMIZATION_LEVEL = "-Onone";
			};
			name = Debug;
		};
		C11E88252D117C0900BCE968 /* Release */ = {
			isa = XCBuildConfiguration;
			buildSettings = {
				ALWAYS_SEARCH_USER_PATHS = NO;
				ASSETCATALOG_COMPILER_GENERATE_SWIFT_ASSET_SYMBOL_EXTENSIONS = YES;
				CLANG_ANALYZER_NONNULL = YES;
				CLANG_ANALYZER_NUMBER_OBJECT_CONVERSION = YES_AGGRESSIVE;
				CLANG_CXX_LANGUAGE_STANDARD = "gnu++20";
				CLANG_ENABLE_MODULES = YES;
				CLANG_ENABLE_OBJC_ARC = YES;
				CLANG_ENABLE_OBJC_WEAK = YES;
				CLANG_WARN_BLOCK_CAPTURE_AUTORELEASING = YES;
				CLANG_WARN_BOOL_CONVERSION = YES;
				CLANG_WARN_COMMA = YES;
				CLANG_WARN_CONSTANT_CONVERSION = YES;
				CLANG_WARN_DEPRECATED_OBJC_IMPLEMENTATIONS = YES;
				CLANG_WARN_DIRECT_OBJC_ISA_USAGE = YES_ERROR;
				CLANG_WARN_DOCUMENTATION_COMMENTS = YES;
				CLANG_WARN_EMPTY_BODY = YES;
				CLANG_WARN_ENUM_CONVERSION = YES;
				CLANG_WARN_INFINITE_RECURSION = YES;
				CLANG_WARN_INT_CONVERSION = YES;
				CLANG_WARN_NON_LITERAL_NULL_CONVERSION = YES;
				CLANG_WARN_OBJC_IMPLICIT_RETAIN_SELF = YES;
				CLANG_WARN_OBJC_LITERAL_CONVERSION = YES;
				CLANG_WARN_OBJC_ROOT_CLASS = YES_ERROR;
				CLANG_WARN_QUOTED_INCLUDE_IN_FRAMEWORK_HEADER = YES;
				CLANG_WARN_RANGE_LOOP_ANALYSIS = YES;
				CLANG_WARN_STRICT_PROTOTYPES = YES;
				CLANG_WARN_SUSPICIOUS_MOVE = YES;
				CLANG_WARN_UNGUARDED_AVAILABILITY = YES_AGGRESSIVE;
				CLANG_WARN_UNREACHABLE_CODE = YES;
				CLANG_WARN__DUPLICATE_METHOD_MATCH = YES;
				COPY_PHASE_STRIP = NO;
				DEBUG_INFORMATION_FORMAT = "dwarf-with-dsym";
				ENABLE_NS_ASSERTIONS = NO;
				ENABLE_STRICT_OBJC_MSGSEND = YES;
				ENABLE_USER_SCRIPT_SANDBOXING = YES;
				GCC_C_LANGUAGE_STANDARD = gnu17;
				GCC_NO_COMMON_BLOCKS = YES;
				GCC_WARN_64_TO_32_BIT_CONVERSION = YES;
				GCC_WARN_ABOUT_RETURN_TYPE = YES_ERROR;
				GCC_WARN_UNDECLARED_SELECTOR = YES;
				GCC_WARN_UNINITIALIZED_AUTOS = YES_AGGRESSIVE;
				GCC_WARN_UNUSED_FUNCTION = YES;
				GCC_WARN_UNUSED_VARIABLE = YES;
				IPHONEOS_DEPLOYMENT_TARGET = 18.2;
				LOCALIZATION_PREFERS_STRING_CATALOGS = YES;
				MTL_ENABLE_DEBUG_INFO = NO;
				MTL_FAST_MATH = YES;
				SDKROOT = iphoneos;
				SWIFT_COMPILATION_MODE = wholemodule;
				VALIDATE_PRODUCT = YES;
			};
			name = Release;
		};
		C11E88272D117C0900BCE968 /* Debug */ = {
			isa = XCBuildConfiguration;
			buildSettings = {
				BUNDLE_LOADER = "$(TEST_HOST)";
				CODE_SIGN_STYLE = Automatic;
				CURRENT_PROJECT_VERSION = 1;
				GENERATE_INFOPLIST_FILE = YES;
				IPHONEOS_DEPLOYMENT_TARGET = 18.2;
				MARKETING_VERSION = 1.0;
				PRODUCT_BUNDLE_IDENTIFIER = com.KaderKaya.StackAndImageViewTests;
				PRODUCT_NAME = "$(TARGET_NAME)";
				SWIFT_EMIT_LOC_STRINGS = NO;
				SWIFT_VERSION = 5.0;
				TARGETED_DEVICE_FAMILY = "1,2";
				TEST_HOST = "$(BUILT_PRODUCTS_DIR)/StackAndImageView.app/$(BUNDLE_EXECUTABLE_FOLDER_PATH)/StackAndImageView";
			};
			name = Debug;
		};
		C11E88282D117C0900BCE968 /* Release */ = {
			isa = XCBuildConfiguration;
			buildSettings = {
				BUNDLE_LOADER = "$(TEST_HOST)";
				CODE_SIGN_STYLE = Automatic;
				CURRENT_PROJECT_VERSION = 1;
				GENERATE_INFOPLIST_FILE = YES;
				IPHONEOS_DEPLOYMENT_TARGET = 18.2;
				MARKETING_VERSION = 1.0;
				PRODUCT_BUNDLE_IDENTIFIER = com.KaderKaya.StackAndImageViewTests;
				PRODUCT_NAME = "$(TARGET_NAME)";
				SWIFT_EMIT_LOC_STRINGS = NO;
				SWIFT_VERSION = 5.0;
				TARGETED_DEVICE_FAMILY = "1,2";
				TEST_HOST = "$(BUILT_PRODUCTS_DIR)/StackAndImageView.app/$(BUNDLE_EXECUTABLE_FOLDER_PATH)/StackAndImageView";
			};
			name = Release;
		};
		C11E882A2D117C0900BCE968 /* Debug */ = {
			isa = XCBuildConfiguration;
			buildSettings = {
				CODE_SIGN_STYLE = Automatic;
				CURRENT_PROJECT_VERSION = 1;
				GENERATE_INFOPLIST_FILE = YES;
				MARKETING_VERSION = 1.0;
				PRODUCT_BUNDLE_IDENTIFIER = com.KaderKaya.StackAndImageViewUITests;
				PRODUCT_NAME = "$(TARGET_NAME)";
				SWIFT_EMIT_LOC_STRINGS = NO;
				SWIFT_VERSION = 5.0;
				TARGETED_DEVICE_FAMILY = "1,2";
				TEST_TARGET_NAME = StackAndImageView;
			};
			name = Debug;
		};
		C11E882B2D117C0900BCE968 /* Release */ = {
			isa = XCBuildConfiguration;
			buildSettings = {
				CODE_SIGN_STYLE = Automatic;
				CURRENT_PROJECT_VERSION = 1;
				GENERATE_INFOPLIST_FILE = YES;
				MARKETING_VERSION = 1.0;
				PRODUCT_BUNDLE_IDENTIFIER = com.KaderKaya.StackAndImageViewUITests;
				PRODUCT_NAME = "$(TARGET_NAME)";
				SWIFT_EMIT_LOC_STRINGS = NO;
				SWIFT_VERSION = 5.0;
				TARGETED_DEVICE_FAMILY = "1,2";
				TEST_TARGET_NAME = StackAndImageView;
			};
			name = Release;
		};
/* End XCBuildConfiguration section */

/* Begin XCConfigurationList section */
		C11E87F32D117C0500BCE968 /* Build configuration list for PBXProject "StackAndImageView" */ = {
			isa = XCConfigurationList;
			buildConfigurations = (
				C11E88242D117C0900BCE968 /* Debug */,
				C11E88252D117C0900BCE968 /* Release */,
			);
			defaultConfigurationIsVisible = 0;
			defaultConfigurationName = Release;
		};
		C11E88212D117C0900BCE968 /* Build configuration list for PBXNativeTarget "StackAndImageView" */ = {
			isa = XCConfigurationList;
			buildConfigurations = (
				C11E88222D117C0900BCE968 /* Debug */,
				C11E88232D117C0900BCE968 /* Release */,
			);
			defaultConfigurationIsVisible = 0;
			defaultConfigurationName = Release;
		};
		C11E88262D117C0900BCE968 /* Build configuration list for PBXNativeTarget "StackAndImageViewTests" */ = {
			isa = XCConfigurationList;
			buildConfigurations = (
				C11E88272D117C0900BCE968 /* Debug */,
				C11E88282D117C0900BCE968 /* Release */,
			);
			defaultConfigurationIsVisible = 0;
			defaultConfigurationName = Release;
		};
		C11E88292D117C0900BCE968 /* Build configuration list for PBXNativeTarget "StackAndImageViewUITests" */ = {
			isa = XCConfigurationList;
			buildConfigurations = (
				C11E882A2D117C0900BCE968 /* Debug */,
				C11E882B2D117C0900BCE968 /* Release */,
			);
			defaultConfigurationIsVisible = 0;
			defaultConfigurationName = Release;
		};
/* End XCConfigurationList section */
	};
	rootObject = C11E87F02D117C0500BCE968 /* Project object */;
}
